{
  "nodes": {
    "root": {
      "inputs": {
        "nixpkgs": "nixpkgs",
        "tool": "tool",
        "followed-tool": [ "tool" ]
      }
    },
    "nixpkgs": { "locked": { "rev": "new-nixpkgs-revision", "narHash": "new-hash" } },
    "tool": { "locked": { "rev": "tool-current" } }
  },
  "root": "root",
  "version": 7
}
